
Microsoft Visual Studio Solution File, Format Version 12.00
# Visual Studio Version 16
VisualStudioVersion = 16.0.30204.135
MinimumVisualStudioVersion = 10.0.40219.1
Project("{FAE04EC0-301F-11D3-BF4B-00C04F79EFBC}") = "WebApplication3", "WebApplication3\WebApplication3.csproj", "{A01C46EE-E073-4EEA-B953-0A53F39938B1}"
EndProject
Global
	GlobalSection(SolutionConfigurationPlatforms) = preSolution
		Debug|Any CPU = Debug|Any CPU
		Release|Any CPU = Release|Any CPU
	EndGlobalSection
	GlobalSection(ProjectConfigurationPlatforms) = postSolution
		{A01C46EE-E073-4EEA-B953-0A53F39938B1}.Debug|Any CPU.ActiveCfg = Debug|Any CPU
		{A01C46EE-E073-4EEA-B953-0A53F39938B1}.Debug|Any CPU.Build.0 = Debug|Any CPU
		{A01C46EE-E073-4EEA-B953-0A53F39938B1}.Release|Any CPU.ActiveCfg = Release|Any CPU
		{A01C46EE-E073-4EEA-B953-0A53F39938B1}.Release|Any CPU.Build.0 = Release|Any CPU
	EndGlobalSection
	GlobalSection(SolutionProperties) = preSolution
		HideSolutionNode = FALSE
	EndGlobalSection
	GlobalSection(ExtensibilityGlobals) = postSolution
		SolutionGuid = {89347FC3-BA71-4C9C-934A-10E334AAE8FF}
	EndGlobalSection
EndGlobal
